Microsoft Visual Studio Solution File, Format Version 12.00
# Visual Studio 2012
Project("{FAE04EC0-301F-11D3-BF4B-00C04F79EFBC}") = "2dtest", "2dtest.csproj", "{B23C5E07-E178-420A-885E-D57F59F16CF0}"
EndProject
Global
	GlobalSection(SolutionConfigurationPlatforms) = preSolution
	Debug|Any CPU = Debug|Any CPU
	ExportDebug|Any CPU = ExportDebug|Any CPU
	ExportRelease|Any CPU = ExportRelease|Any CPU
	EndGlobalSection
	GlobalSection(ProjectConfigurationPlatforms) = postSolution
		{B23C5E07-E178-420A-885E-D57F59F16CF0}.Debug|Any CPU.ActiveCfg = Debug|Any CPU
		{B23C5E07-E178-420A-885E-D57F59F16CF0}.Debug|Any CPU.Build.0 = Debug|Any CPU
		{B23C5E07-E178-420A-885E-D57F59F16CF0}.ExportDebug|Any CPU.ActiveCfg = ExportDebug|Any CPU
		{B23C5E07-E178-420A-885E-D57F59F16CF0}.ExportDebug|Any CPU.Build.0 = ExportDebug|Any CPU
		{B23C5E07-E178-420A-885E-D57F59F16CF0}.ExportRelease|Any CPU.ActiveCfg = ExportRelease|Any CPU
		{B23C5E07-E178-420A-885E-D57F59F16CF0}.ExportRelease|Any CPU.Build.0 = ExportRelease|Any CPU
	EndGlobalSection
EndGlobal
